{
  "originHash" : "0226bc5b57bdc8c703e0c2be6f5aae21dea7a997a81654b5636f8d9c98f72a42",
  "pins" : [
    {
      "identity" : "wallet-core",
      "kind" : "remoteSourceControl",
      "location" : "https://github.com/trustwallet/wallet-core",
      "state" : {
        "revision" : "1fe9c732de7aa7b96f9e8633050f634f1910977d",
        "version" : "4.4.2"
      }
    }
  ],
  "version" : 3
}
